// !$*UTF8*$!
{
	archiveVersion = 1;
	classes = {
	};
	objectVersion = 51;
	objects = {

/* Begin PBXBuildFile section */
		021055C2260F626F00314243 /* ItemsTableViewController.swift in Sources */ = {isa = PBXBuildFile; fileRef = 021055C1260F626F00314243 /* ItemsTableViewController.swift */; };
		021055C5260F643E00314243 /* Item.swift in Sources */ = {isa = PBXBuildFile; fileRef = 021055C4260F643E00314243 /* Item.swift */; };
		021055C8260F6E3A00314243 /* AddItemViewController.swift in Sources */ = {isa = PBXBuildFile; fileRef = 021055C7260F6E3A00314243 /* AddItemViewController.swift */; };
		027FCB2F2611B9BF0097C78D /* HelperFunctions.swift in Sources */ = {isa = PBXBuildFile; fileRef = 027FCB2E2611B9BF0097C78D /* HelperFunctions.swift */; };
		027FCB322611BE4F0097C78D /* ItemViewController.swift in Sources */ = {isa = PBXBuildFile; fileRef = 027FCB312611BE4F0097C78D /* ItemViewController.swift */; };
		027FCB352611C70D0097C78D /* ImageCollectionViewCell.swift in Sources */ = {isa = PBXBuildFile; fileRef = 027FCB342611C70D0097C78D /* ImageCollectionViewCell.swift */; };
		02814A3C260FBE28001EFEF0 /* Reachability.swift in Sources */ = {isa = PBXBuildFile; fileRef = 02814A3B260FBE28001EFEF0 /* Reachability.swift */; };
		02814A3F260FC10B001EFEF0 /* Downloader.swift in Sources */ = {isa = PBXBuildFile; fileRef = 02814A3E260FC10B001EFEF0 /* Downloader.swift */; };
		02814A42260FD1AF001EFEF0 /* ItemTableViewCell.swift in Sources */ = {isa = PBXBuildFile; fileRef = 02814A41260FD1AF001EFEF0 /* ItemTableViewCell.swift */; };
		028AE51C25FF837F0008D583 /* SecondViewController.swift in Sources */ = {isa = PBXBuildFile; fileRef = 028AE51B25FF837F0008D583 /* SecondViewController.swift */; };
		02B3F97625FCE752008E494C /* AppDelegate.swift in Sources */ = {isa = PBXBuildFile; fileRef = 02B3F97525FCE752008E494C /* AppDelegate.swift */; };
		02B3F97825FCE752008E494C /* SceneDelegate.swift in Sources */ = {isa = PBXBuildFile; fileRef = 02B3F97725FCE752008E494C /* SceneDelegate.swift */; };
		02B3F97A25FCE752008E494C /* ViewController.swift in Sources */ = {isa = PBXBuildFile; fileRef = 02B3F97925FCE752008E494C /* ViewController.swift */; };
		02B3F97D25FCE752008E494C /* Main.storyboard in Resources */ = {isa = PBXBuildFile; fileRef = 02B3F97B25FCE752008E494C /* Main.storyboard */; };
		02B3F97F25FCE753008E494C /* Assets.xcassets in Resources */ = {isa = PBXBuildFile; fileRef = 02B3F97E25FCE753008E494C /* Assets.xcassets */; };
		02B3F98225FCE753008E494C /* LaunchScreen.storyboard in Resources */ = {isa = PBXBuildFile; fileRef = 02B3F98025FCE753008E494C /* LaunchScreen.storyboard */; };
		02B3F99025FCF63C008E494C /* sideMenu.swift in Sources */ = {isa = PBXBuildFile; fileRef = 02B3F98F25FCF63C008E494C /* sideMenu.swift */; };
		02B3F99325FCF765008E494C /* InfoViewController.swift in Sources */ = {isa = PBXBuildFile; fileRef = 02B3F99225FCF765008E494C /* InfoViewController.swift */; };
		02B3F99625FCF791008E494C /* SettingsViewController.swift in Sources */ = {isa = PBXBuildFile; fileRef = 02B3F99525FCF791008E494C /* SettingsViewController.swift */; };
		02C61F73260E185C00104C0A /* CategoryCollectionViewController.swift in Sources */ = {isa = PBXBuildFile; fileRef = 02C61F72260E185C00104C0A /* CategoryCollectionViewController.swift */; };
		02C61F76260E192000104C0A /* CategoryCollectionViewCell.swift in Sources */ = {isa = PBXBuildFile; fileRef = 02C61F75260E192000104C0A /* CategoryCollectionViewCell.swift */; };
		02C61F79260E1B5200104C0A /* GoogleService-Info.plist in Resources */ = {isa = PBXBuildFile; fileRef = 02C61F78260E1B5100104C0A /* GoogleService-Info.plist */; };
		02C61F7C260E1D5500104C0A /* FirebaseCollectionReference.swift in Sources */ = {isa = PBXBuildFile; fileRef = 02C61F7B260E1D5500104C0A /* FirebaseCollectionReference.swift */; };
		02C61F85260E1ED500104C0A /* Category.swift in Sources */ = {isa = PBXBuildFile; fileRef = 02C61F84260E1ED500104C0A /* Category.swift */; };
		02C61F8C260E208500104C0A /* Constants.swift in Sources */ = {isa = PBXBuildFile; fileRef = 02C61F8B260E208500104C0A /* Constants.swift */; };
		B52761FD8383C5A4DFC969F8 /* Pods_TennisClub.framework in Frameworks */ = {isa = PBXBuildFile; fileRef = A7FD7B64BE5C94C43563D15B /* Pods_TennisClub.framework */; };
/* End PBXBuildFile section */

/* Begin PBXFileReference section */
		021055C1260F626F00314243 /* ItemsTableViewController.swift */ = {isa = PBXFileReference; lastKnownFileType = sourcecode.swift; path = ItemsTableViewController.swift; sourceTree = "<group>"; };
		021055C4260F643E00314243 /* Item.swift */ = {isa = PBXFileReference; lastKnownFileType = sourcecode.swift; path = Item.swift; sourceTree = "<group>"; };
		021055C7260F6E3A00314243 /* AddItemViewController.swift */ = {isa = PBXFileReference; lastKnownFileType = sourcecode.swift; path = AddItemViewController.swift; sourceTree = "<group>"; };
		027FCB2E2611B9BF0097C78D /* HelperFunctions.swift */ = {isa = PBXFileReference; lastKnownFileType = sourcecode.swift; path = HelperFunctions.swift; sourceTree = "<group>"; };
		027FCB312611BE4F0097C78D /* ItemViewController.swift */ = {isa = PBXFileReference; lastKnownFileType = sourcecode.swift; path = ItemViewController.swift; sourceTree = "<group>"; };
		027FCB342611C70D0097C78D /* ImageCollectionViewCell.swift */ = {isa = PBXFileReference; lastKnownFileType = sourcecode.swift; path = ImageCollectionViewCell.swift; sourceTree = "<group>"; };
		02814A3B260FBE28001EFEF0 /* Reachability.swift */ = {isa = PBXFileReference; lastKnownFileType = sourcecode.swift; path = Reachability.swift; sourceTree = "<group>"; };
		02814A3E260FC10B001EFEF0 /* Downloader.swift */ = {isa = PBXFileReference; lastKnownFileType = sourcecode.swift; path = Downloader.swift; sourceTree = "<group>"; };
		02814A41260FD1AF001EFEF0 /* ItemTableViewCell.swift */ = {isa = PBXFileReference; lastKnownFileType = sourcecode.swift; path = ItemTableViewCell.swift; sourceTree = "<group>"; };
		028AE51B25FF837F0008D583 /* SecondViewController.swift */ = {isa = PBXFileReference; lastKnownFileType = sourcecode.swift; path = SecondViewController.swift; sourceTree = "<group>"; };
		02B3F97225FCE752008E494C /* TennisClub.app */ = {isa = PBXFileReference; explicitFileType = wrapper.application; includeInIndex = 0; path = TennisClub.app; sourceTree = BUILT_PRODUCTS_DIR; };
		02B3F97525FCE752008E494C /* AppDelegate.swift */ = {isa = PBXFileReference; lastKnownFileType = sourcecode.swift; path = AppDelegate.swift; sourceTree = "<group>"; };
		02B3F97725FCE752008E494C /* SceneDelegate.swift */ = {isa = PBXFileReference; lastKnownFileType = sourcecode.swift; path = SceneDelegate.swift; sourceTree = "<group>"; };
		02B3F97925FCE752008E494C /* ViewController.swift */ = {isa = PBXFileReference; lastKnownFileType = sourcecode.swift; path = ViewController.swift; sourceTree = "<group>"; };
		02B3F97C25FCE752008E494C /* Base */ = {isa = PBXFileReference; lastKnownFileType = file.storyboard; name = Base; path = Base.lproj/Main.storyboard; sourceTree = "<group>"; };
		02B3F97E25FCE753008E494C /* Assets.xcassets */ = {isa = PBXFileReference; lastKnownFileType = folder.assetcatalog; path = Assets.xcassets; sourceTree = "<group>"; };
		02B3F98125FCE753008E494C /* Base */ = {isa = PBXFileReference; lastKnownFileType = file.storyboard; name = Base; path = Base.lproj/LaunchScreen.storyboard; sourceTree = "<group>"; };
		02B3F98325FCE753008E494C /* Info.plist */ = {isa = PBXFileReference; lastKnownFileType = text.plist.xml; path = Info.plist; sourceTree = "<group>"; };
		02B3F98F25FCF63C008E494C /* sideMenu.swift */ = {isa = PBXFileReference; lastKnownFileType = sourcecode.swift; path = sideMenu.swift; sourceTree = "<group>"; };
		02B3F99225FCF765008E494C /* InfoViewController.swift */ = {isa = PBXFileReference; lastKnownFileType = sourcecode.swift; path = InfoViewController.swift; sourceTree = "<group>"; };
		02B3F99525FCF791008E494C /* SettingsViewController.swift */ = {isa = PBXFileReference; lastKnownFileType = sourcecode.swift; path = SettingsViewController.swift; sourceTree = "<group>"; };
		02C61F72260E185C00104C0A /* CategoryCollectionViewController.swift */ = {isa = PBXFileReference; lastKnownFileType = sourcecode.swift; path = CategoryCollectionViewController.swift; sourceTree = "<group>"; };
		02C61F75260E192000104C0A /* CategoryCollectionViewCell.swift */ = {isa = PBXFileReference; lastKnownFileType = sourcecode.swift; path = CategoryCollectionViewCell.swift; sourceTree = "<group>"; };
		02C61F78260E1B5100104C0A /* GoogleService-Info.plist */ = {isa = PBXFileReference; fileEncoding = 4; lastKnownFileType = text.plist.xml; path = "GoogleService-Info.plist"; sourceTree = "<group>"; };
		02C61F7B260E1D5500104C0A /* FirebaseCollectionReference.swift */ = {isa = PBXFileReference; lastKnownFileType = sourcecode.swift; path = FirebaseCollectionReference.swift; sourceTree = "<group>"; };
		02C61F84260E1ED500104C0A /* Category.swift */ = {isa = PBXFileReference; lastKnownFileType = sourcecode.swift; path = Category.swift; sourceTree = "<group>"; };
		02C61F8B260E208500104C0A /* Constants.swift */ = {isa = PBXFileReference; lastKnownFileType = sourcecode.swift; path = Constants.swift; sourceTree = "<group>"; };
		A297B119D61A96916320C26C /* Pods-TennisClub.debug.xcconfig */ = {isa = PBXFileReference; includeInIndex = 1; lastKnownFileType = text.xcconfig; name = "Pods-TennisClub.debug.xcconfig"; path = "Target Support Files/Pods-TennisClub/Pods-TennisClub.debug.xcconfig"; sourceTree = "<group>"; };
		A7FD7B64BE5C94C43563D15B /* Pods_TennisClub.framework */ = {isa = PBXFileReference; explicitFileType = wrapper.framework; includeInIndex = 0; path = Pods_TennisClub.framework; sourceTree = BUILT_PRODUCTS_DIR; };
		F83757EFE562603BCA92AAB2 /* Pods-TennisClub.release.xcconfig */ = {isa = PBXFileReference; includeInIndex = 1; lastKnownFileType = text.xcconfig; name = "Pods-TennisClub.release.xcconfig"; path = "Target Support Files/Pods-TennisClub/Pods-TennisClub.release.xcconfig"; sourceTree = "<group>"; };
/* End PBXFileReference section */

/* Begin PBXFrameworksBuildPhase section */
		02B3F96F25FCE752008E494C /* Frameworks */ = {
			isa = PBXFrameworksBuildPhase;
			buildActionMask = 2147483647;
			files = (
				B52761FD8383C5A4DFC969F8 /* Pods_TennisClub.framework in Frameworks */,
			);
			runOnlyForDeploymentPostprocessing = 0;
		};
/* End PBXFrameworksBuildPhase section */

/* Begin PBXGroup section */
		02B3F96925FCE752008E494C = {
			isa = PBXGroup;
			children = (
				02B3F97425FCE752008E494C /* TennisClub */,
				02B3F97325FCE752008E494C /* Products */,
				381FD29A1E73C2DD6FF16C92 /* Pods */,
				5BFC0085D3E6D05ACCF84698 /* Frameworks */,
			);
			sourceTree = "<group>";
		};
		02B3F97325FCE752008E494C /* Products */ = {
			isa = PBXGroup;
			children = (
				02B3F97225FCE752008E494C /* TennisClub.app */,
			);
			name = Products;
			sourceTree = "<group>";
		};
		02B3F97425FCE752008E494C /* TennisClub */ = {
			isa = PBXGroup;
			children = (
				02B3F97525FCE752008E494C /* AppDelegate.swift */,
				02B3F97725FCE752008E494C /* SceneDelegate.swift */,
				02C61F88260E1EDC00104C0A /* Model */,
				02C61F80260E1E7800104C0A /* Main Views */,
				02B3F97B25FCE752008E494C /* Main.storyboard */,
				02C61F82260E1E8F00104C0A /* Custom Cells */,
				02C61F7E260E1E5400104C0A /* Helpers */,
				02B3F97E25FCE753008E494C /* Assets.xcassets */,
				02B3F98025FCE753008E494C /* LaunchScreen.storyboard */,
				02B3F98325FCE753008E494C /* Info.plist */,
				02C61F78260E1B5100104C0A /* GoogleService-Info.plist */,
				02B3F98F25FCF63C008E494C /* sideMenu.swift */,
				02B3F99225FCF765008E494C /* InfoViewController.swift */,
				02B3F99525FCF791008E494C /* SettingsViewController.swift */,
				028AE51B25FF837F0008D583 /* SecondViewController.swift */,
			);
			path = TennisClub;
			sourceTree = "<group>";
		};
		02C61F7E260E1E5400104C0A /* Helpers */ = {
			isa = PBXGroup;
			children = (
				02C61F7B260E1D5500104C0A /* FirebaseCollectionReference.swift */,
				02C61F8B260E208500104C0A /* Constants.swift */,
				02814A3B260FBE28001EFEF0 /* Reachability.swift */,
				02814A3E260FC10B001EFEF0 /* Downloader.swift */,
				027FCB2E2611B9BF0097C78D /* HelperFunctions.swift */,
			);
			path = Helpers;
			sourceTree = "<group>";
		};
		02C61F80260E1E7800104C0A /* Main Views */ = {
			isa = PBXGroup;
			children = (
				02B3F97925FCE752008E494C /* ViewController.swift */,
				02C61F72260E185C00104C0A /* CategoryCollectionViewController.swift */,
				021055C1260F626F00314243 /* ItemsTableViewController.swift */,
				021055C7260F6E3A00314243 /* AddItemViewController.swift */,
				027FCB312611BE4F0097C78D /* ItemViewController.swift */,
			);
			path = "Main Views";
			sourceTree = "<group>";
		};
		02C61F82260E1E8F00104C0A /* Custom Cells */ = {
			isa = PBXGroup;
			children = (
				02C61F75260E192000104C0A /* CategoryCollectionViewCell.swift */,
				02814A41260FD1AF001EFEF0 /* ItemTableViewCell.swift */,
				027FCB342611C70D0097C78D /* ImageCollectionViewCell.swift */,
			);
			path = "Custom Cells";
			sourceTree = "<group>";
		};
		02C61F88260E1EDC00104C0A /* Model */ = {
			isa = PBXGroup;
			children = (
				02C61F84260E1ED500104C0A /* Category.swift */,
				021055C4260F643E00314243 /* Item.swift */,
			);
			path = Model;
			sourceTree = "<group>";
		};
		381FD29A1E73C2DD6FF16C92 /* Pods */ = {
			isa = PBXGroup;
			children = (
				A297B119D61A96916320C26C /* Pods-TennisClub.debug.xcconfig */,
				F83757EFE562603BCA92AAB2 /* Pods-TennisClub.release.xcconfig */,
			);
			path = Pods;
			sourceTree = "<group>";
		};
		5BFC0085D3E6D05ACCF84698 /* Frameworks */ = {
			isa = PBXGroup;
			children = (
				A7FD7B64BE5C94C43563D15B /* Pods_TennisClub.framework */,
			);
			name = Frameworks;
			sourceTree = "<group>";
		};
/* End PBXGroup section */

/* Begin PBXNativeTarget section */
		02B3F97125FCE752008E494C /* TennisClub */ = {
			isa = PBXNativeTarget;
			buildConfigurationList = 02B3F98625FCE753008E494C /* Build configuration list for PBXNativeTarget "TennisClub" */;
			buildPhases = (
				7D0E2A5454D2E2CE80B62CF6 /* [CP] Check Pods Manifest.lock */,
				02B3F96E25FCE752008E494C /* Sources */,
				02B3F96F25FCE752008E494C /* Frameworks */,
				02B3F97025FCE752008E494C /* Resources */,
				57DE14ED678A3EA39D5CB4FA /* [CP] Embed Pods Frameworks */,
			);
			buildRules = (
			);
			dependencies = (
			);
			name = TennisClub;
			productName = TennisClub;
			productReference = 02B3F97225FCE752008E494C /* TennisClub.app */;
			productType = "com.apple.product-type.application";
		};
/* End PBXNativeTarget section */

/* Begin PBXProject section */
		02B3F96A25FCE752008E494C /* Project object */ = {
			isa = PBXProject;
			attributes = {
				LastSwiftUpdateCheck = 1240;
				LastUpgradeCheck = 1240;
				TargetAttributes = {
					02B3F97125FCE752008E494C = {
						CreatedOnToolsVersion = 12.4;
					};
				};
			};
			buildConfigurationList = 02B3F96D25FCE752008E494C /* Build configuration list for PBXProject "TennisClub" */;
			compatibilityVersion = "Xcode 9.3";
			developmentRegion = en;
			hasScannedForEncodings = 0;
			knownRegions = (
				en,
				Base,
			);
			mainGroup = 02B3F96925FCE752008E494C;
			productRefGroup = 02B3F97325FCE752008E494C /* Products */;
			projectDirPath = "";
			projectRoot = "";
			targets = (
				02B3F97125FCE752008E494C /* TennisClub */,
			);
		};
/* End PBXProject section */

/* Begin PBXResourcesBuildPhase section */
		02B3F97025FCE752008E494C /* Resources */ = {
			isa = PBXResourcesBuildPhase;
			buildActionMask = 2147483647;
			files = (
				02B3F98225FCE753008E494C /* LaunchScreen.storyboard in Resources */,
				02C61F79260E1B5200104C0A /* GoogleService-Info.plist in Resources */,
				02B3F97F25FCE753008E494C /* Assets.xcassets in Resources */,
				02B3F97D25FCE752008E494C /* Main.storyboard in Resources */,
			);
			runOnlyForDeploymentPostprocessing = 0;
		};
/* End PBXResourcesBuildPhase section */

/* Begin PBXShellScriptBuildPhase section */
		57DE14ED678A3EA39D5CB4FA /* [CP] Embed Pods Frameworks */ = {
			isa = PBXShellScriptBuildPhase;
			buildActionMask = 2147483647;
			files = (
			);
			inputFileListPaths = (
				"${PODS_ROOT}/Target Support Files/Pods-TennisClub/Pods-TennisClub-frameworks-${CONFIGURATION}-input-files.xcfilelist",
			);
			name = "[CP] Embed Pods Frameworks";
			outputFileListPaths = (
				"${PODS_ROOT}/Target Support Files/Pods-TennisClub/Pods-TennisClub-frameworks-${CONFIGURATION}-output-files.xcfilelist",
			);
			runOnlyForDeploymentPostprocessing = 0;
			shellPath = /bin/sh;
			shellScript = "\"${PODS_ROOT}/Target Support Files/Pods-TennisClub/Pods-TennisClub-frameworks.sh\"\n";
			showEnvVarsInLog = 0;
		};
		7D0E2A5454D2E2CE80B62CF6 /* [CP] Check Pods Manifest.lock */ = {
			isa = PBXShellScriptBuildPhase;
			buildActionMask = 2147483647;
			files = (
			);
			inputFileListPaths = (
			);
			inputPaths = (
				"${PODS_PODFILE_DIR_PATH}/Podfile.lock",
				"${PODS_ROOT}/Manifest.lock",
			);
			name = "[CP] Check Pods Manifest.lock";
			outputFileListPaths = (
			);
			outputPaths = (
				"$(DERIVED_FILE_DIR)/Pods-TennisClub-checkManifestLockResult.txt",
			);
			runOnlyForDeploymentPostprocessing = 0;
			shellPath = /bin/sh;
			shellScript = "diff \"${PODS_PODFILE_DIR_PATH}/Podfile.lock\" \"${PODS_ROOT}/Manifest.lock\" > /dev/null\nif [ $? != 0 ] ; then\n    # print error to STDERR\n    echo \"error: The sandbox is not in sync with the Podfile.lock. Run 'pod install' or update your CocoaPods installation.\" >&2\n    exit 1\nfi\n# This output is used by Xcode 'outputs' to avoid re-running this script phase.\necho \"SUCCESS\" > \"${SCRIPT_OUTPUT_FILE_0}\"\n";
			showEnvVarsInLog = 0;
		};
/* End PBXShellScriptBuildPhase section */

/* Begin PBXSourcesBuildPhase section */
		02B3F96E25FCE752008E494C /* Sources */ = {
			isa = PBXSourcesBuildPhase;
			buildActionMask = 2147483647;
			files = (
				02B3F97A25FCE752008E494C /* ViewController.swift in Sources */,
				02B3F97625FCE752008E494C /* AppDelegate.swift in Sources */,
				02C61F7C260E1D5500104C0A /* FirebaseCollectionReference.swift in Sources */,
				027FCB352611C70D0097C78D /* ImageCollectionViewCell.swift in Sources */,
				02C61F73260E185C00104C0A /* CategoryCollectionViewController.swift in Sources */,
				021055C5260F643E00314243 /* Item.swift in Sources */,
				027FCB2F2611B9BF0097C78D /* HelperFunctions.swift in Sources */,
				021055C8260F6E3A00314243 /* AddItemViewController.swift in Sources */,
				02B3F97825FCE752008E494C /* SceneDelegate.swift in Sources */,
				02C61F76260E192000104C0A /* CategoryCollectionViewCell.swift in Sources */,
				02B3F99025FCF63C008E494C /* sideMenu.swift in Sources */,
				028AE51C25FF837F0008D583 /* SecondViewController.swift in Sources */,
				02814A42260FD1AF001EFEF0 /* ItemTableViewCell.swift in Sources */,
				02814A3F260FC10B001EFEF0 /* Downloader.swift in Sources */,
				021055C2260F626F00314243 /* ItemsTableViewController.swift in Sources */,
				02B3F99325FCF765008E494C /* InfoViewController.swift in Sources */,
				02B3F99625FCF791008E494C /* SettingsViewController.swift in Sources */,
				02C61F85260E1ED500104C0A /* Category.swift in Sources */,
				027FCB322611BE4F0097C78D /* ItemViewController.swift in Sources */,
				02814A3C260FBE28001EFEF0 /* Reachability.swift in Sources */,
				02C61F8C260E208500104C0A /* Constants.swift in Sources */,
			);
			runOnlyForDeploymentPostprocessing = 0;
		};
/* End PBXSourcesBuildPhase section */

/* Begin PBXVariantGroup section */
		02B3F97B25FCE752008E494C /* Main.storyboard */ = {
			isa = PBXVariantGroup;
			children = (
				02B3F97C25FCE752008E494C /* Base */,
			);
			name = Main.storyboard;
			sourceTree = "<group>";
		};
		02B3F98025FCE753008E494C /* LaunchScreen.storyboard */ = {
			isa = PBXVariantGroup;
			children = (
				02B3F98125FCE753008E494C /* Base */,
			);
			name = LaunchScreen.storyboard;
			sourceTree = "<group>";
		};
/* End PBXVariantGroup section */

/* Begin XCBuildConfiguration section */
		02B3F98425FCE753008E494C /* Debug */ = {
			isa = XCBuildConfiguration;
			buildSettings = {
				ALWAYS_SEARCH_USER_PATHS = NO;
				CLANG_ANALYZER_NONNULL = YES;
				CLANG_ANALYZER_NUMBER_OBJECT_CONVERSION = YES_AGGRESSIVE;
				CLANG_CXX_LANGUAGE_STANDARD = "gnu++14";
				CLANG_CXX_LIBRARY = "libc++";
				CLANG_ENABLE_MODULES = YES;
				CLANG_ENABLE_OBJC_ARC = YES;
				CLANG_ENABLE_OBJC_WEAK = YES;
				CLANG_WARN_BLOCK_CAPTURE_AUTORELEASING = YES;
				CLANG_WARN_BOOL_CONVERSION = YES;
				CLANG_WARN_COMMA = YES;
				CLANG_WARN_CONSTANT_CONVERSION = YES;
				CLANG_WARN_DEPRECATED_OBJC_IMPLEMENTATIONS = YES;
				CLANG_WARN_DIRECT_OBJC_ISA_USAGE = YES_ERROR;
				CLANG_WARN_DOCUMENTATION_COMMENTS = YES;
				CLANG_WARN_EMPTY_BODY = YES;
				CLANG_WARN_ENUM_CONVERSION = YES;
				CLANG_WARN_INFINITE_RECURSION = YES;
				CLANG_WARN_INT_CONVERSION = YES;
				CLANG_WARN_NON_LITERAL_NULL_CONVERSION = YES;
				CLANG_WARN_OBJC_IMPLICIT_RETAIN_SELF = YES;
				CLANG_WARN_OBJC_LITERAL_CONVERSION = YES;
				CLANG_WARN_OBJC_ROOT_CLASS = YES_ERROR;
				CLANG_WARN_QUOTED_INCLUDE_IN_FRAMEWORK_HEADER = YES;
				CLANG_WARN_RANGE_LOOP_ANALYSIS = YES;
				CLANG_WARN_STRICT_PROTOTYPES = YES;
				CLANG_WARN_SUSPICIOUS_MOVE = YES;
				CLANG_WARN_UNGUARDED_AVAILABILITY = YES_AGGRESSIVE;
				CLANG_WARN_UNREACHABLE_CODE = YES;
				CLANG_WARN__DUPLICATE_METHOD_MATCH = YES;
				COPY_PHASE_STRIP = NO;
				DEBUG_INFORMATION_FORMAT = dwarf;
				ENABLE_STRICT_OBJC_MSGSEND = YES;
				ENABLE_TESTABILITY = YES;
				GCC_C_LANGUAGE_STANDARD = gnu11;
				GCC_DYNAMIC_NO_PIC = NO;
				GCC_NO_COMMON_BLOCKS = YES;
				GCC_OPTIMIZATION_LEVEL = 0;
				GCC_PREPROCESSOR_DEFINITIONS = (
					"DEBUG=1",
					"$(inherited)",
				);
				GCC_WARN_64_TO_32_BIT_CONVERSION = YES;
				GCC_WARN_ABOUT_RETURN_TYPE = YES_ERROR;
				GCC_WARN_UNDECLARED_SELECTOR = YES;
				GCC_WARN_UNINITIALIZED_AUTOS = YES_AGGRESSIVE;
				GCC_WARN_UNUSED_FUNCTION = YES;
				GCC_WARN_UNUSED_VARIABLE = YES;
				IPHONEOS_DEPLOYMENT_TARGET = 14.4;
				MTL_ENABLE_DEBUG_INFO = INCLUDE_SOURCE;
				MTL_FAST_MATH = YES;
				ONLY_ACTIVE_ARCH = YES;
				SDKROOT = iphoneos;
				SWIFT_ACTIVE_COMPILATION_CONDITIONS = DEBUG;
				SWIFT_OPTIMIZATION_LEVEL = "-Onone";
			};
			name = Debug;
		};
		02B3F98525FCE753008E494C /* Release */ = {
			isa = XCBuildConfiguration;
			buildSettings = {
				ALWAYS_SEARCH_USER_PATHS = NO;
				CLANG_ANALYZER_NONNULL = YES;
				CLANG_ANALYZER_NUMBER_OBJECT_CONVERSION = YES_AGGRESSIVE;
				CLANG_CXX_LANGUAGE_STANDARD = "gnu++14";
				CLANG_CXX_LIBRARY = "libc++";
				CLANG_ENABLE_MODULES = YES;
				CLANG_ENABLE_OBJC_ARC = YES;
				CLANG_ENABLE_OBJC_WEAK = YES;
				CLANG_WARN_BLOCK_CAPTURE_AUTORELEASING = YES;
				CLANG_WARN_BOOL_CONVERSION = YES;
				CLANG_WARN_COMMA = YES;
				CLANG_WARN_CONSTANT_CONVERSION = YES;
				CLANG_WARN_DEPRECATED_OBJC_IMPLEMENTATIONS = YES;
				CLANG_WARN_DIRECT_OBJC_ISA_USAGE = YES_ERROR;
				CLANG_WARN_DOCUMENTATION_COMMENTS = YES;
				CLANG_WARN_EMPTY_BODY = YES;
				CLANG_WARN_ENUM_CONVERSION = YES;
				CLANG_WARN_INFINITE_RECURSION = YES;
				CLANG_WARN_INT_CONVERSION = YES;
				CLANG_WARN_NON_LITERAL_NULL_CONVERSION = YES;
				CLANG_WARN_OBJC_IMPLICIT_RETAIN_SELF = YES;
				CLANG_WARN_OBJC_LITERAL_CONVERSION = YES;
				CLANG_WARN_OBJC_ROOT_CLASS = YES_ERROR;
				CLANG_WARN_QUOTED_INCLUDE_IN_FRAMEWORK_HEADER = YES;
				CLANG_WARN_RANGE_LOOP_ANALYSIS = YES;
				CLANG_WARN_STRICT_PROTOTYPES = YES;
				CLANG_WARN_SUSPICIOUS_MOVE = YES;
				CLANG_WARN_UNGUARDED_AVAILABILITY = YES_AGGRESSIVE;
				CLANG_WARN_UNREACHABLE_CODE = YES;
				CLANG_WARN__DUPLICATE_METHOD_MATCH = YES;
				COPY_PHASE_STRIP = NO;
				DEBUG_INFORMATION_FORMAT = "dwarf-with-dsym";
				ENABLE_NS_ASSERTIONS = NO;
				ENABLE_STRICT_OBJC_MSGSEND = YES;
				GCC_C_LANGUAGE_STANDARD = gnu11;
				GCC_NO_COMMON_BLOCKS = YES;
				GCC_WARN_64_TO_32_BIT_CONVERSION = YES;
				GCC_WARN_ABOUT_RETURN_TYPE = YES_ERROR;
				GCC_WARN_UNDECLARED_SELECTOR = YES;
				GCC_WARN_UNINITIALIZED_AUTOS = YES_AGGRESSIVE;
				GCC_WARN_UNUSED_FUNCTION = YES;
				GCC_WARN_UNUSED_VARIABLE = YES;
				IPHONEOS_DEPLOYMENT_TARGET = 14.4;
				MTL_ENABLE_DEBUG_INFO = NO;
				MTL_FAST_MATH = YES;
				SDKROOT = iphoneos;
				SWIFT_COMPILATION_MODE = wholemodule;
				SWIFT_OPTIMIZATION_LEVEL = "-O";
				VALIDATE_PRODUCT = YES;
			};
			name = Release;
		};
		02B3F98725FCE753008E494C /* Debug */ = {
			isa = XCBuildConfiguration;
			baseConfigurationReference = A297B119D61A96916320C26C /* Pods-TennisClub.debug.xcconfig */;
			buildSettings = {
				ASSETCATALOG_COMPILER_APPICON_NAME = AppIcon;
				ASSETCATALOG_COMPILER_GLOBAL_ACCENT_COLOR_NAME = AccentColor;
				CODE_SIGN_STYLE = Automatic;
				INFOPLIST_FILE = TennisClub/Info.plist;
				LD_RUNPATH_SEARCH_PATHS = (
					"$(inherited)",
					"@executable_path/Frameworks",
				);
				PRODUCT_BUNDLE_IDENTIFIER = Andrei.TennisClub;
				PRODUCT_NAME = "$(TARGET_NAME)";
				SWIFT_VERSION = 5.0;
				TARGETED_DEVICE_FAMILY = "1,2";
			};
			name = Debug;
		};
		02B3F98825FCE753008E494C /* Release */ = {
			isa = XCBuildConfiguration;
			baseConfigurationReference = F83757EFE562603BCA92AAB2 /* Pods-TennisClub.release.xcconfig */;
			buildSettings = {
				ASSETCATALOG_COMPILER_APPICON_NAME = AppIcon;
				ASSETCATALOG_COMPILER_GLOBAL_ACCENT_COLOR_NAME = AccentColor;
				CODE_SIGN_STYLE = Automatic;
				INFOPLIST_FILE = TennisClub/Info.plist;
				LD_RUNPATH_SEARCH_PATHS = (
					"$(inherited)",
					"@executable_path/Frameworks",
				);
				PRODUCT_BUNDLE_IDENTIFIER = Andrei.TennisClub;
				PRODUCT_NAME = "$(TARGET_NAME)";
				SWIFT_VERSION = 5.0;
				TARGETED_DEVICE_FAMILY = "1,2";
			};
			name = Release;
		};
/* End XCBuildConfiguration section */

/* Begin XCConfigurationList section */
		02B3F96D25FCE752008E494C /* Build configuration list for PBXProject "TennisClub" */ = {
			isa = XCConfigurationList;
			buildConfigurations = (
				02B3F98425FCE753008E494C /* Debug */,
				02B3F98525FCE753008E494C /* Release */,
			);
			defaultConfigurationIsVisible = 0;
			defaultConfigurationName = Release;
		};
		02B3F98625FCE753008E494C /* Build configuration list for PBXNativeTarget "TennisClub" */ = {
			isa = XCConfigurationList;
			buildConfigurations = (
				02B3F98725FCE753008E494C /* Debug */,
				02B3F98825FCE753008E494C /* Release */,
			);
			defaultConfigurationIsVisible = 0;
			defaultConfigurationName = Release;
		};
/* End XCConfigurationList section */
	};
	rootObject = 02B3F96A25FCE752008E494C /* Project object */;
}
